
Microsoft Visual Studio Solution File, Format Version 12.00
# Visual Studio 2012
Project("{FAE04EC0-301F-11D3-BF4B-00C04F79EFBC}") = "MotorVehicle", "MotorVehicle\MotorVehicle.csproj", "{BA89C52E-62B9-41B8-B8CD-47E0B7516EFC}"
EndProject
Global
	GlobalSection(SolutionConfigurationPlatforms) = preSolution
		Debug|Any CPU = Debug|Any CPU
		Release|Any CPU = Release|Any CPU
	EndGlobalSection
	GlobalSection(ProjectConfigurationPlatforms) = postSolution
		{BA89C52E-62B9-41B8-B8CD-47E0B7516EFC}.Debug|Any CPU.ActiveCfg = Debug|Any CPU
		{BA89C52E-62B9-41B8-B8CD-47E0B7516EFC}.Debug|Any CPU.Build.0 = Debug|Any CPU
		{BA89C52E-62B9-41B8-B8CD-47E0B7516EFC}.Release|Any CPU.ActiveCfg = Release|Any CPU
		{BA89C52E-62B9-41B8-B8CD-47E0B7516EFC}.Release|Any CPU.Build.0 = Release|Any CPU
	EndGlobalSection
	GlobalSection(SolutionProperties) = preSolution
		HideSolutionNode = FALSE
	EndGlobalSection
EndGlobal
